
Microsoft Visual Studio Solution File, Format Version 12.00
# Visual Studio Version 16
VisualStudioVersion = 16.0.31129.286
MinimumVisualStudioVersion = 10.0.40219.1
Project("{8BC9CEB8-8B4A-11D0-8D11-00A0C91BC942}") = "OMF_API", "OMF_API\OMF_API.vcxproj", "{1A58F264-7308-4A32-8CB1-D3F215E1546E}"
EndProject
Project("{2150E333-8FDC-42A3-9474-1A3956D46DE8}") = "Solution Items", "Solution Items", "{31C08C86-9DE2-4EDB-8B89-1ABBDEFE497D}"
	ProjectSection(SolutionItems) = preProject
		azure-pipelines.yml = azure-pipelines.yml
		README.md = README.md
	EndProjectSection
EndProject
Global
	GlobalSection(SolutionConfigurationPlatforms) = preSolution
		Debug UnitTests|x64 = Debug UnitTests|x64
		Debug UnitTests|x86 = Debug UnitTests|x86
		Debug|x64 = Debug|x64
		Debug|x86 = Debug|x86
		Release|x64 = Release|x64
		Release|x86 = Release|x86
	EndGlobalSection
	GlobalSection(ProjectConfigurationPlatforms) = postSolution
		{1A58F264-7308-4A32-8CB1-D3F215E1546E}.Debug UnitTests|x64.ActiveCfg = Debug UnitTests|x64
		{1A58F264-7308-4A32-8CB1-D3F215E1546E}.Debug UnitTests|x64.Build.0 = Debug UnitTests|x64
		{1A58F264-7308-4A32-8CB1-D3F215E1546E}.Debug UnitTests|x86.ActiveCfg = Debug UnitTests|Win32
		{1A58F264-7308-4A32-8CB1-D3F215E1546E}.Debug UnitTests|x86.Build.0 = Debug UnitTests|Win32
		{1A58F264-7308-4A32-8CB1-D3F215E1546E}.Debug|x64.ActiveCfg = Debug|Win32
		{1A58F264-7308-4A32-8CB1-D3F215E1546E}.Debug|x64.Build.0 = Debug|Win32
		{1A58F264-7308-4A32-8CB1-D3F215E1546E}.Debug|x86.ActiveCfg = Debug|Win32
		{1A58F264-7308-4A32-8CB1-D3F215E1546E}.Debug|x86.Build.0 = Debug|Win32
		{1A58F264-7308-4A32-8CB1-D3F215E1546E}.Release|x64.ActiveCfg = Release|x64
		{1A58F264-7308-4A32-8CB1-D3F215E1546E}.Release|x64.Build.0 = Release|x64
		{1A58F264-7308-4A32-8CB1-D3F215E1546E}.Release|x86.ActiveCfg = Release|Win32
		{1A58F264-7308-4A32-8CB1-D3F215E1546E}.Release|x86.Build.0 = Release|Win32
	EndGlobalSection
	GlobalSection(SolutionProperties) = preSolution
		HideSolutionNode = FALSE
	EndGlobalSection
	GlobalSection(ExtensibilityGlobals) = postSolution
		SolutionGuid = {E999E31F-7321-43B3-8AB0-CCA89919A3D4}
	EndGlobalSection
EndGlobal
